Microsoft Visual Studio Solution File, Format Version 12.00
# Visual Studio Version 16
VisualStudioVersion = 16.0.0.0
MinimumVisualStudioVersion = 16.0.0.0
Project("{9A19103F-16F7-4668-BE54-9A1E7A4F7556}") = "BlazorAuth.Server", "Server\BlazorAuth.Server.csproj", "{6FFC4267-5A77-45EC-A988-FC207740D15D}"
EndProject
Project("{9A19103F-16F7-4668-BE54-9A1E7A4F7556}") = "BlazorAuth.Client", "Client\BlazorAuth.Client.csproj", "{4D9AA2A3-B4B1-4168-BCC3-8F07795D20ED}"
EndProject
Project("{9A19103F-16F7-4668-BE54-9A1E7A4F7556}") = "BlazorAuth.Shared", "Shared\BlazorAuth.Shared.csproj", "{AF627A79-C448-4698-AA5E-6E6BB6A65963}"
EndProject
Global
	GlobalSection(SolutionConfigurationPlatforms) = preSolution
		Debug|Any CPU = Debug|Any CPU
		Debug|x64 = Debug|x64
		Debug|x86 = Debug|x86
		Release|Any CPU = Release|Any CPU
		Release|x64 = Release|x64
		Release|x86 = Release|x86
	EndGlobalSection
	GlobalSection(ProjectConfigurationPlatforms) = postSolution
		{4D9AA2A3-B4B1-4168-BCC3-8F07795D20ED}.Debug|Any CPU.ActiveCfg = Debug|Any CPU
		{4D9AA2A3-B4B1-4168-BCC3-8F07795D20ED}.Debug|Any CPU.Build.0 = Debug|Any CPU
		{4D9AA2A3-B4B1-4168-BCC3-8F07795D20ED}.Debug|x64.ActiveCfg = Debug|Any CPU
		{4D9AA2A3-B4B1-4168-BCC3-8F07795D20ED}.Debug|x64.Build.0 = Debug|Any CPU
		{4D9AA2A3-B4B1-4168-BCC3-8F07795D20ED}.Debug|x86.ActiveCfg = Debug|Any CPU
		{4D9AA2A3-B4B1-4168-BCC3-8F07795D20ED}.Debug|x86.Build.0 = Debug|Any CPU
		{4D9AA2A3-B4B1-4168-BCC3-8F07795D20ED}.Release|Any CPU.ActiveCfg = Release|Any CPU
		{4D9AA2A3-B4B1-4168-BCC3-8F07795D20ED}.Release|Any CPU.Build.0 = Release|Any CPU
		{4D9AA2A3-B4B1-4168-BCC3-8F07795D20ED}.Release|x64.ActiveCfg = Release|Any CPU
		{4D9AA2A3-B4B1-4168-BCC3-8F07795D20ED}.Release|x64.Build.0 = Release|Any CPU
		{4D9AA2A3-B4B1-4168-BCC3-8F07795D20ED}.Release|x86.ActiveCfg = Release|Any CPU
		{4D9AA2A3-B4B1-4168-BCC3-8F07795D20ED}.Release|x86.Build.0 = Release|Any CPU
		{6FFC4267-5A77-45EC-A988-FC207740D15D}.Debug|Any CPU.ActiveCfg = Debug|Any CPU
		{6FFC4267-5A77-45EC-A988-FC207740D15D}.Debug|Any CPU.Build.0 = Debug|Any CPU
		{6FFC4267-5A77-45EC-A988-FC207740D15D}.Debug|x64.ActiveCfg = Debug|Any CPU
		{6FFC4267-5A77-45EC-A988-FC207740D15D}.Debug|x64.Build.0 = Debug|Any CPU
		{6FFC4267-5A77-45EC-A988-FC207740D15D}.Debug|x86.ActiveCfg = Debug|Any CPU
		{6FFC4267-5A77-45EC-A988-FC207740D15D}.Debug|x86.Build.0 = Debug|Any CPU
		{6FFC4267-5A77-45EC-A988-FC207740D15D}.Release|Any CPU.ActiveCfg = Release|Any CPU
		{6FFC4267-5A77-45EC-A988-FC207740D15D}.Release|Any CPU.Build.0 = Release|Any CPU
		{6FFC4267-5A77-45EC-A988-FC207740D15D}.Release|x64.ActiveCfg = Release|Any CPU
		{6FFC4267-5A77-45EC-A988-FC207740D15D}.Release|x64.Build.0 = Release|Any CPU
		{6FFC4267-5A77-45EC-A988-FC207740D15D}.Release|x86.ActiveCfg = Release|Any CPU
		{6FFC4267-5A77-45EC-A988-FC207740D15D}.Release|x86.Build.0 = Release|Any CPU
		{AF627A79-C448-4698-AA5E-6E6BB6A65963}.Debug|Any CPU.ActiveCfg = Debug|Any CPU
		{AF627A79-C448-4698-AA5E-6E6BB6A65963}.Debug|Any CPU.Build.0 = Debug|Any CPU
		{AF627A79-C448-4698-AA5E-6E6BB6A65963}.Debug|x64.ActiveCfg = Debug|Any CPU
		{AF627A79-C448-4698-AA5E-6E6BB6A65963}.Debug|x64.Build.0 = Debug|Any CPU
		{AF627A79-C448-4698-AA5E-6E6BB6A65963}.Debug|x86.ActiveCfg = Debug|Any CPU
		{AF627A79-C448-4698-AA5E-6E6BB6A65963}.Debug|x86.Build.0 = Debug|Any CPU
		{AF627A79-C448-4698-AA5E-6E6BB6A65963}.Release|Any CPU.ActiveCfg = Release|Any CPU
		{AF627A79-C448-4698-AA5E-6E6BB6A65963}.Release|Any CPU.Build.0 = Release|Any CPU
		{AF627A79-C448-4698-AA5E-6E6BB6A65963}.Release|x64.ActiveCfg = Release|Any CPU
		{AF627A79-C448-4698-AA5E-6E6BB6A65963}.Release|x64.Build.0 = Release|Any CPU
		{AF627A79-C448-4698-AA5E-6E6BB6A65963}.Release|x86.ActiveCfg = Release|Any CPU
		{AF627A79-C448-4698-AA5E-6E6BB6A65963}.Release|x86.Build.0 = Release|Any CPU
	EndGlobalSection
	GlobalSection(SolutionProperties) = preSolution
		HideSolutionNode = FALSE
	EndGlobalSection
	GlobalSection(ExtensibilityGlobals) = postSolution
		SolutionGuid = {C77C1B72-3BDD-498D-A322-F0077AB62232}
	EndGlobalSection
EndGlobal